
Microsoft Visual Studio Solution File, Format Version 12.00
# Visual Studio 15
VisualStudioVersion = 15.0.27703.2018
MinimumVisualStudioVersion = 10.0.40219.1
Project("{FAE04EC0-301F-11D3-BF4B-00C04F79EFBC}") = "NewBookmaker", "NewBookmaker\NewBookmaker.csproj", "{6FCD7017-6637-464A-9EF6-E36383B7C01A}"
EndProject
Project("{FAE04EC0-301F-11D3-BF4B-00C04F79EFBC}") = "BetterTypes", "BetterTypes\BetterTypes.csproj", "{9379A69C-EDD8-4F1E-BE69-3C566693AD46}"
EndProject
Global
	GlobalSection(SolutionConfigurationPlatforms) = preSolution
		Debug|Any CPU = Debug|Any CPU
		Debug|x64 = Debug|x64
		Release|Any CPU = Release|Any CPU
		Release|x64 = Release|x64
	EndGlobalSection
	GlobalSection(ProjectConfigurationPlatforms) = postSolution
		{6FCD7017-6637-464A-9EF6-E36383B7C01A}.Debug|Any CPU.ActiveCfg = Debug|Any CPU
		{6FCD7017-6637-464A-9EF6-E36383B7C01A}.Debug|Any CPU.Build.0 = Debug|Any CPU
		{6FCD7017-6637-464A-9EF6-E36383B7C01A}.Debug|x64.ActiveCfg = Debug|Any CPU
		{6FCD7017-6637-464A-9EF6-E36383B7C01A}.Debug|x64.Build.0 = Debug|Any CPU
		{6FCD7017-6637-464A-9EF6-E36383B7C01A}.Release|Any CPU.ActiveCfg = Release|Any CPU
		{6FCD7017-6637-464A-9EF6-E36383B7C01A}.Release|Any CPU.Build.0 = Release|Any CPU
		{6FCD7017-6637-464A-9EF6-E36383B7C01A}.Release|x64.ActiveCfg = Release|Any CPU
		{6FCD7017-6637-464A-9EF6-E36383B7C01A}.Release|x64.Build.0 = Release|Any CPU
		{9379A69C-EDD8-4F1E-BE69-3C566693AD46}.Debug|Any CPU.ActiveCfg = Debug|Any CPU
		{9379A69C-EDD8-4F1E-BE69-3C566693AD46}.Debug|Any CPU.Build.0 = Debug|Any CPU
		{9379A69C-EDD8-4F1E-BE69-3C566693AD46}.Debug|x64.ActiveCfg = Debug|x64
		{9379A69C-EDD8-4F1E-BE69-3C566693AD46}.Debug|x64.Build.0 = Debug|x64
		{9379A69C-EDD8-4F1E-BE69-3C566693AD46}.Release|Any CPU.ActiveCfg = Release|Any CPU
		{9379A69C-EDD8-4F1E-BE69-3C566693AD46}.Release|Any CPU.Build.0 = Release|Any CPU
		{9379A69C-EDD8-4F1E-BE69-3C566693AD46}.Release|x64.ActiveCfg = Release|x64
		{9379A69C-EDD8-4F1E-BE69-3C566693AD46}.Release|x64.Build.0 = Release|x64
	EndGlobalSection
	GlobalSection(SolutionProperties) = preSolution
		HideSolutionNode = FALSE
	EndGlobalSection
	GlobalSection(ExtensibilityGlobals) = postSolution
		SolutionGuid = {8109B727-45CE-4BFA-BB7D-AABE28986009}
	EndGlobalSection
EndGlobal
